
Microsoft Visual Studio Solution File, Format Version 12.00
# Visual Studio Version 17
VisualStudioVersion = 17.4.33205.214
MinimumVisualStudioVersion = 10.0.40219.1
Project("{9A19103F-16F7-4668-BE54-9A1E7A4F7556}") = "Assignment7", "Assignment7\Assignment7.csproj", "{850B76FB-937C-4E53-9F36-19D7284F87E7}"
EndProject
Global
	GlobalSection(SolutionConfigurationPlatforms) = preSolution
		Debug|Any CPU = Debug|Any CPU
		Release|Any CPU = Release|Any CPU
	EndGlobalSection
	GlobalSection(ProjectConfigurationPlatforms) = postSolution
		{850B76FB-937C-4E53-9F36-19D7284F87E7}.Debug|Any CPU.ActiveCfg = Debug|Any CPU
		{850B76FB-937C-4E53-9F36-19D7284F87E7}.Debug|Any CPU.Build.0 = Debug|Any CPU
		{850B76FB-937C-4E53-9F36-19D7284F87E7}.Release|Any CPU.ActiveCfg = Release|Any CPU
		{850B76FB-937C-4E53-9F36-19D7284F87E7}.Release|Any CPU.Build.0 = Release|Any CPU
	EndGlobalSection
	GlobalSection(SolutionProperties) = preSolution
		HideSolutionNode = FALSE
	EndGlobalSection
	GlobalSection(ExtensibilityGlobals) = postSolution
		SolutionGuid = {733F62D3-0588-4F63-9D30-77E1EB5D04EE}
	EndGlobalSection
EndGlobal
